
Microsoft Visual Studio Solution File, Format Version 12.00
# Visual Studio Version 16
VisualStudioVersion = 16.0.31729.503
MinimumVisualStudioVersion = 10.0.40219.1
Project("{9A19103F-16F7-4668-BE54-9A1E7A4F7556}") = "Project1640.Api", "Project1640.Api\Project1640.Api.csproj", "{C8AE9254-301A-467D-8610-5564A1D91480}"
EndProject
Project("{9A19103F-16F7-4668-BE54-9A1E7A4F7556}") = "Project1640.Data", "Project1640.Data\Project1640.Data.csproj", "{54A91516-8928-4682-8755-1D6071974BCA}"
EndProject
Project("{9A19103F-16F7-4668-BE54-9A1E7A4F7556}") = "Project1640.Application", "Project1640.Application\Project1640.Application.csproj", "{7DAC141A-19F6-4597-8A29-B9996958A409}"
EndProject
Project("{FAE04EC0-301F-11D3-BF4B-00C04F79EFBC}") = "Project1640.Dto", "Project1640.Dto\Project1640.Dto.csproj", "{9026EA45-EE5E-4BBE-A671-9F02BBB5E05C}"
EndProject
Project("{FAE04EC0-301F-11D3-BF4B-00C04F79EFBC}") = "Project1640.Service", "Project1640.Service\Project1640.Service.csproj", "{F5697D7E-F94B-41A8-B851-A6BFE1DCBF07}"
EndProject
Global
	GlobalSection(SolutionConfigurationPlatforms) = preSolution
		Debug|Any CPU = Debug|Any CPU
		Release|Any CPU = Release|Any CPU
	EndGlobalSection
	GlobalSection(ProjectConfigurationPlatforms) = postSolution
		{C8AE9254-301A-467D-8610-5564A1D91480}.Debug|Any CPU.ActiveCfg = Debug|Any CPU
		{C8AE9254-301A-467D-8610-5564A1D91480}.Debug|Any CPU.Build.0 = Debug|Any CPU
		{C8AE9254-301A-467D-8610-5564A1D91480}.Release|Any CPU.ActiveCfg = Release|Any CPU
		{C8AE9254-301A-467D-8610-5564A1D91480}.Release|Any CPU.Build.0 = Release|Any CPU
		{54A91516-8928-4682-8755-1D6071974BCA}.Debug|Any CPU.ActiveCfg = Debug|Any CPU
		{54A91516-8928-4682-8755-1D6071974BCA}.Debug|Any CPU.Build.0 = Debug|Any CPU
		{54A91516-8928-4682-8755-1D6071974BCA}.Release|Any CPU.ActiveCfg = Release|Any CPU
		{54A91516-8928-4682-8755-1D6071974BCA}.Release|Any CPU.Build.0 = Release|Any CPU
		{7DAC141A-19F6-4597-8A29-B9996958A409}.Debug|Any CPU.ActiveCfg = Debug|Any CPU
		{7DAC141A-19F6-4597-8A29-B9996958A409}.Debug|Any CPU.Build.0 = Debug|Any CPU
		{7DAC141A-19F6-4597-8A29-B9996958A409}.Release|Any CPU.ActiveCfg = Release|Any CPU
		{7DAC141A-19F6-4597-8A29-B9996958A409}.Release|Any CPU.Build.0 = Release|Any CPU
		{9026EA45-EE5E-4BBE-A671-9F02BBB5E05C}.Debug|Any CPU.ActiveCfg = Debug|Any CPU
		{9026EA45-EE5E-4BBE-A671-9F02BBB5E05C}.Debug|Any CPU.Build.0 = Debug|Any CPU
		{9026EA45-EE5E-4BBE-A671-9F02BBB5E05C}.Release|Any CPU.ActiveCfg = Release|Any CPU
		{9026EA45-EE5E-4BBE-A671-9F02BBB5E05C}.Release|Any CPU.Build.0 = Release|Any CPU
		{F5697D7E-F94B-41A8-B851-A6BFE1DCBF07}.Debug|Any CPU.ActiveCfg = Debug|Any CPU
		{F5697D7E-F94B-41A8-B851-A6BFE1DCBF07}.Debug|Any CPU.Build.0 = Debug|Any CPU
		{F5697D7E-F94B-41A8-B851-A6BFE1DCBF07}.Release|Any CPU.ActiveCfg = Release|Any CPU
		{F5697D7E-F94B-41A8-B851-A6BFE1DCBF07}.Release|Any CPU.Build.0 = Release|Any CPU
	EndGlobalSection
	GlobalSection(SolutionProperties) = preSolution
		HideSolutionNode = FALSE
	EndGlobalSection
	GlobalSection(ExtensibilityGlobals) = postSolution
		SolutionGuid = {775D5809-5323-40D1-9137-4117FD8BC912}
	EndGlobalSection
EndGlobal
