
Microsoft Visual Studio Solution File, Format Version 12.00
# Visual Studio Version 16
VisualStudioVersion = 16.0.31729.503
MinimumVisualStudioVersion = 10.0.40219.1
Project("{FAE04EC0-301F-11D3-BF4B-00C04F79EFBC}") = "Project1640.Api", "Project1640.Api\Project1640.Api.csproj", "{C8AE9254-301A-467D-8610-5564A1D91480}"
EndProject
Global
	GlobalSection(SolutionConfigurationPlatforms) = preSolution
		Debug|Any CPU = Debug|Any CPU
		Release|Any CPU = Release|Any CPU
	EndGlobalSection
	GlobalSection(ProjectConfigurationPlatforms) = postSolution
		{C8AE9254-301A-467D-8610-5564A1D91480}.Debug|Any CPU.ActiveCfg = Debug|Any CPU
		{C8AE9254-301A-467D-8610-5564A1D91480}.Debug|Any CPU.Build.0 = Debug|Any CPU
		{C8AE9254-301A-467D-8610-5564A1D91480}.Release|Any CPU.ActiveCfg = Release|Any CPU
		{C8AE9254-301A-467D-8610-5564A1D91480}.Release|Any CPU.Build.0 = Release|Any CPU
	EndGlobalSection
	GlobalSection(SolutionProperties) = preSolution
		HideSolutionNode = FALSE
	EndGlobalSection
	GlobalSection(ExtensibilityGlobals) = postSolution
		SolutionGuid = {775D5809-5323-40D1-9137-4117FD8BC912}
	EndGlobalSection
EndGlobal
